// !$*UTF8*$!
{
	archiveVersion = 1;
	classes = {
	};
	objectVersion = 48;
	objects = {

/* Begin PBXBuildFile section */
		12EBF76CD13E47ACA32AE298 /* libPods-BGNetworkDemo.a in Frameworks */ = {isa = PBXBuildFile; fileRef = ADF448B2995742341803BDB1 /* libPods-BGNetworkDemo.a */; };
		7041DB7C223124DF00AA3C0E /* AKLoginApiM.m in Sources */ = {isa = PBXBuildFile; fileRef = 7041DB7B223124DF00AA3C0E /* AKLoginApiM.m */; };
		70B4EB03230B9F7E001E6693 /* AKHomeApiM.m in Sources */ = {isa = PBXBuildFile; fileRef = 70B4EB01230B9F7E001E6693 /* AKHomeApiM.m */; };
		70B4EB45230BA02E001E6693 /* BGVideoEditManager.m in Sources */ = {isa = PBXBuildFile; fileRef = 70B4EB0A230BA02E001E6693 /* BGVideoEditManager.m */; };
		70B4EB46230BA02E001E6693 /* GIFProduceManager.m in Sources */ = {isa = PBXBuildFile; fileRef = 70B4EB0C230BA02E001E6693 /* GIFProduceManager.m */; };
		70B4EB47230BA02E001E6693 /* KCAuthorityManager.m in Sources */ = {isa = PBXBuildFile; fileRef = 70B4EB0E230BA02E001E6693 /* KCAuthorityManager.m */; };
		70B4EB48230BA02E001E6693 /* KCFileHandleManager.m in Sources */ = {isa = PBXBuildFile; fileRef = 70B4EB10230BA02E001E6693 /* KCFileHandleManager.m */; };
		70B4EB49230BA02E001E6693 /* KCSaveToAlbumManager.m in Sources */ = {isa = PBXBuildFile; fileRef = 70B4EB12230BA02E001E6693 /* KCSaveToAlbumManager.m */; };
		70B4EB4A230BA02E001E6693 /* KCTaskChain.m in Sources */ = {isa = PBXBuildFile; fileRef = 70B4EB14230BA02E001E6693 /* KCTaskChain.m */; };
		70B4EB4B230BA02E001E6693 /* NSArray+BTExtension.m in Sources */ = {isa = PBXBuildFile; fileRef = 70B4EB16230BA02E001E6693 /* NSArray+BTExtension.m */; };
		70B4EB4C230BA02E001E6693 /* NSData+BGExtension.m in Sources */ = {isa = PBXBuildFile; fileRef = 70B4EB18230BA02E001E6693 /* NSData+BGExtension.m */; };
		70B4EB4D230BA02E001E6693 /* NSDate+BTExtension.m in Sources */ = {isa = PBXBuildFile; fileRef = 70B4EB1A230BA02E001E6693 /* NSDate+BTExtension.m */; };
		70B4EB4E230BA02E001E6693 /* NSDictionary+BTExtension.m in Sources */ = {isa = PBXBuildFile; fileRef = 70B4EB1C230BA02E001E6693 /* NSDictionary+BTExtension.m */; };
		70B4EB4F230BA02E001E6693 /* NSDictionary+Encrypt.m in Sources */ = {isa = PBXBuildFile; fileRef = 70B4EB1E230BA02E001E6693 /* NSDictionary+Encrypt.m */; };
		70B4EB50230BA02E001E6693 /* NSDictionary+MHJsonHelper.m in Sources */ = {isa = PBXBuildFile; fileRef = 70B4EB20230BA02E001E6693 /* NSDictionary+MHJsonHelper.m */; };
		70B4EB51230BA02E001E6693 /* NSFileManager+KCAdd.m in Sources */ = {isa = PBXBuildFile; fileRef = 70B4EB22230BA02E001E6693 /* NSFileManager+KCAdd.m */; };
		70B4EB52230BA02E001E6693 /* NSMutableArray+BTExtension.m in Sources */ = {isa = PBXBuildFile; fileRef = 70B4EB24230BA02E001E6693 /* NSMutableArray+BTExtension.m */; };
		70B4EB53230BA02E001E6693 /* NSObject+BTExtension.m in Sources */ = {isa = PBXBuildFile; fileRef = 70B4EB26230BA02E001E6693 /* NSObject+BTExtension.m */; };
		70B4EB54230BA02E001E6693 /* NSString+BTExtension.m in Sources */ = {isa = PBXBuildFile; fileRef = 70B4EB28230BA02E001E6693 /* NSString+BTExtension.m */; };
		70B4EB55230BA02E001E6693 /* UIApplication+BTExtension.m in Sources */ = {isa = PBXBuildFile; fileRef = 70B4EB2B230BA02E001E6693 /* UIApplication+BTExtension.m */; };
		70B4EB56230BA02E001E6693 /* UIButton+BTExtension.m in Sources */ = {isa = PBXBuildFile; fileRef = 70B4EB2D230BA02E001E6693 /* UIButton+BTExtension.m */; };
		70B4EB57230BA02E001E6693 /* UIColor+BTExtension.m in Sources */ = {isa = PBXBuildFile; fileRef = 70B4EB2F230BA02E001E6693 /* UIColor+BTExtension.m */; };
		70B4EB58230BA02E001E6693 /* UIImage+BTExtension.m in Sources */ = {isa = PBXBuildFile; fileRef = 70B4EB31230BA02E001E6693 /* UIImage+BTExtension.m */; };
		70B4EB59230BA02E001E6693 /* UIImageView+BTExtension.m in Sources */ = {isa = PBXBuildFile; fileRef = 70B4EB33230BA02E001E6693 /* UIImageView+BTExtension.m */; };
		70B4EB5A230BA02E001E6693 /* UILabel+BTExtension.m in Sources */ = {isa = PBXBuildFile; fileRef = 70B4EB35230BA02E001E6693 /* UILabel+BTExtension.m */; };
		70B4EB5B230BA02E001E6693 /* UIScrollView+BTExtension.m in Sources */ = {isa = PBXBuildFile; fileRef = 70B4EB37230BA02E001E6693 /* UIScrollView+BTExtension.m */; };
		70B4EB5C230BA02E001E6693 /* UITextField+BTExtension.m in Sources */ = {isa = PBXBuildFile; fileRef = 70B4EB39230BA02E001E6693 /* UITextField+BTExtension.m */; };
		70B4EB5D230BA02E001E6693 /* UIView+BTExtension.m in Sources */ = {isa = PBXBuildFile; fileRef = 70B4EB3B230BA02E001E6693 /* UIView+BTExtension.m */; };
		70B4EB5E230BA02E001E6693 /* UIView+LW_BlockCreate.m in Sources */ = {isa = PBXBuildFile; fileRef = 70B4EB3D230BA02E001E6693 /* UIView+LW_BlockCreate.m */; };
		70B4EB5F230BA02E001E6693 /* UIViewController+BTExtension.m in Sources */ = {isa = PBXBuildFile; fileRef = 70B4EB3F230BA02E001E6693 /* UIViewController+BTExtension.m */; };
		70B4EB60230BA02E001E6693 /* BTButton.m in Sources */ = {isa = PBXBuildFile; fileRef = 70B4EB44230BA02E001E6693 /* BTButton.m */; };
		70F10B942230EACA00BD3551 /* BGLoginApiManager.m in Sources */ = {isa = PBXBuildFile; fileRef = 70F10B932230EACA00BD3551 /* BGLoginApiManager.m */; };
		C01D616620C5915B003CAE68 /* NSUserDefaults+BGAdd.m in Sources */ = {isa = PBXBuildFile; fileRef = C01D616520C5915B003CAE68 /* NSUserDefaults+BGAdd.m */; };
		C03487F6217C57FB00E08721 /* BGNetworkManager.m in Sources */ = {isa = PBXBuildFile; fileRef = C03487F4217C57FB00E08721 /* BGNetworkManager.m */; };
		C03487F7217C57FB00E08721 /* BGBaseApiManager.m in Sources */ = {isa = PBXBuildFile; fileRef = C03487F5217C57FB00E08721 /* BGBaseApiManager.m */; };
		C034F4A220C4087B00B8467A /* AppDelegate.m in Sources */ = {isa = PBXBuildFile; fileRef = C034F4A120C4087B00B8467A /* AppDelegate.m */; };
		C034F4A520C4087B00B8467A /* ViewController.m in Sources */ = {isa = PBXBuildFile; fileRef = C034F4A420C4087B00B8467A /* ViewController.m */; };
		C034F4A820C4087B00B8467A /* Main.storyboard in Resources */ = {isa = PBXBuildFile; fileRef = C034F4A620C4087B00B8467A /* Main.storyboard */; };
		C034F4AA20C4087B00B8467A /* Assets.xcassets in Resources */ = {isa = PBXBuildFile; fileRef = C034F4A920C4087B00B8467A /* Assets.xcassets */; };
		C034F4AD20C4087B00B8467A /* LaunchScreen.storyboard in Resources */ = {isa = PBXBuildFile; fileRef = C034F4AB20C4087B00B8467A /* LaunchScreen.storyboard */; };
		C034F4B020C4087B00B8467A /* main.m in Sources */ = {isa = PBXBuildFile; fileRef = C034F4AF20C4087B00B8467A /* main.m */; };
		C034F4BA20C4087B00B8467A /* BGNetworkDemoTests.m in Sources */ = {isa = PBXBuildFile; fileRef = C034F4B920C4087B00B8467A /* BGNetworkDemoTests.m */; };
		C034F4C520C4087C00B8467A /* BGNetworkDemoUITests.m in Sources */ = {isa = PBXBuildFile; fileRef = C034F4C420C4087C00B8467A /* BGNetworkDemoUITests.m */; };
		C034F4EB20C42D8D00B8467A /* BGApi.m in Sources */ = {isa = PBXBuildFile; fileRef = C034F4EA20C42D8D00B8467A /* BGApi.m */; };
		C034F4EF20C42E7300B8467A /* BGUserApiManger.m in Sources */ = {isa = PBXBuildFile; fileRef = C034F4EE20C42E7300B8467A /* BGUserApiManger.m */; };
/* End PBXBuildFile section */

/* Begin PBXContainerItemProxy section */
		C034F4B620C4087B00B8467A /* PBXContainerItemProxy */ = {
			isa = PBXContainerItemProxy;
			containerPortal = C034F49520C4087B00B8467A /* Project object */;
			proxyType = 1;
			remoteGlobalIDString = C034F49C20C4087B00B8467A;
			remoteInfo = BGNetworkDemo;
		};
		C034F4C120C4087C00B8467A /* PBXContainerItemProxy */ = {
			isa = PBXContainerItemProxy;
			containerPortal = C034F49520C4087B00B8467A /* Project object */;
			proxyType = 1;
			remoteGlobalIDString = C034F49C20C4087B00B8467A;
			remoteInfo = BGNetworkDemo;
		};
/* End PBXContainerItemProxy section */

/* Begin PBXFileReference section */
		7041DB7A223124DF00AA3C0E /* AKLoginApiM.h */ = {isa = PBXFileReference; fileEncoding = 4; lastKnownFileType = sourcecode.c.h; path = AKLoginApiM.h; sourceTree = "<group>"; };
		7041DB7B223124DF00AA3C0E /* AKLoginApiM.m */ = {isa = PBXFileReference; fileEncoding = 4; lastKnownFileType = sourcecode.c.objc; path = AKLoginApiM.m; sourceTree = "<group>"; };
		70B4EB01230B9F7E001E6693 /* AKHomeApiM.m */ = {isa = PBXFileReference; fileEncoding = 4; lastKnownFileType = sourcecode.c.objc; path = AKHomeApiM.m; sourceTree = "<group>"; };
		70B4EB02230B9F7E001E6693 /* AKHomeApiM.h */ = {isa = PBXFileReference; fileEncoding = 4; lastKnownFileType = sourcecode.c.h; path = AKHomeApiM.h; sourceTree = "<group>"; };
		70B4EB05230BA02E001E6693 /* BeautyKitHeader.h */ = {isa = PBXFileReference; fileEncoding = 4; lastKnownFileType = sourcecode.c.h; path = BeautyKitHeader.h; sourceTree = "<group>"; };
		70B4EB07230BA02E001E6693 /* BeautyKitCategoryHeader.h */ = {isa = PBXFileReference; fileEncoding = 4; lastKnownFileType = sourcecode.c.h; path = BeautyKitCategoryHeader.h; sourceTree = "<group>"; };
		70B4EB09230BA02E001E6693 /* BGVideoEditManager.h */ = {isa = PBXFileReference; fileEncoding = 4; lastKnownFileType = sourcecode.c.h; path = BGVideoEditManager.h; sourceTree = "<group>"; };
		70B4EB0A230BA02E001E6693 /* BGVideoEditManager.m */ = {isa = PBXFileReference; fileEncoding = 4; lastKnownFileType = sourcecode.c.objc; path = BGVideoEditManager.m; sourceTree = "<group>"; };
		70B4EB0B230BA02E001E6693 /* GIFProduceManager.h */ = {isa = PBXFileReference; fileEncoding = 4; lastKnownFileType = sourcecode.c.h; path = GIFProduceManager.h; sourceTree = "<group>"; };
		70B4EB0C230BA02E001E6693 /* GIFProduceManager.m */ = {isa = PBXFileReference; fileEncoding = 4; lastKnownFileType = sourcecode.c.objc; path = GIFProduceManager.m; sourceTree = "<group>"; };
		70B4EB0D230BA02E001E6693 /* KCAuthorityManager.h */ = {isa = PBXFileReference; fileEncoding = 4; lastKnownFileType = sourcecode.c.h; path = KCAuthorityManager.h; sourceTree = "<group>"; };
		70B4EB0E230BA02E001E6693 /* KCAuthorityManager.m */ = {isa = PBXFileReference; fileEncoding = 4; lastKnownFileType = sourcecode.c.objc; path = KCAuthorityManager.m; sourceTree = "<group>"; };
		70B4EB0F230BA02E001E6693 /* KCFileHandleManager.h */ = {isa = PBXFileReference; fileEncoding = 4; lastKnownFileType = sourcecode.c.h; path = KCFileHandleManager.h; sourceTree = "<group>"; };
		70B4EB10230BA02E001E6693 /* KCFileHandleManager.m */ = {isa = PBXFileReference; fileEncoding = 4; lastKnownFileType = sourcecode.c.objc; path = KCFileHandleManager.m; sourceTree = "<group>"; };
		70B4EB11230BA02E001E6693 /* KCSaveToAlbumManager.h */ = {isa = PBXFileReference; fileEncoding = 4; lastKnownFileType = sourcecode.c.h; path = KCSaveToAlbumManager.h; sourceTree = "<group>"; };
		70B4EB12230BA02E001E6693 /* KCSaveToAlbumManager.m */ = {isa = PBXFileReference; fileEncoding = 4; lastKnownFileType = sourcecode.c.objc; path = KCSaveToAlbumManager.m; sourceTree = "<group>"; };
		70B4EB13230BA02E001E6693 /* KCTaskChain.h */ = {isa = PBXFileReference; fileEncoding = 4; lastKnownFileType = sourcecode.c.h; path = KCTaskChain.h; sourceTree = "<group>"; };
		70B4EB14230BA02E001E6693 /* KCTaskChain.m */ = {isa = PBXFileReference; fileEncoding = 4; lastKnownFileType = sourcecode.c.objc; path = KCTaskChain.m; sourceTree = "<group>"; };
		70B4EB15230BA02E001E6693 /* NSArray+BTExtension.h */ = {isa = PBXFileReference; fileEncoding = 4; lastKnownFileType = sourcecode.c.h; path = "NSArray+BTExtension.h"; sourceTree = "<group>"; };
		70B4EB16230BA02E001E6693 /* NSArray+BTExtension.m */ = {isa = PBXFileReference; fileEncoding = 4; lastKnownFileType = sourcecode.c.objc; path = "NSArray+BTExtension.m"; sourceTree = "<group>"; };
		70B4EB17230BA02E001E6693 /* NSData+BGExtension.h */ = {isa = PBXFileReference; fileEncoding = 4; lastKnownFileType = sourcecode.c.h; path = "NSData+BGExtension.h"; sourceTree = "<group>"; };
		70B4EB18230BA02E001E6693 /* NSData+BGExtension.m */ = {isa = PBXFileReference; fileEncoding = 4; lastKnownFileType = sourcecode.c.objc; path = "NSData+BGExtension.m"; sourceTree = "<group>"; };
		70B4EB19230BA02E001E6693 /* NSDate+BTExtension.h */ = {isa = PBXFileReference; fileEncoding = 4; lastKnownFileType = sourcecode.c.h; path = "NSDate+BTExtension.h"; sourceTree = "<group>"; };
		70B4EB1A230BA02E001E6693 /* NSDate+BTExtension.m */ = {isa = PBXFileReference; fileEncoding = 4; lastKnownFileType = sourcecode.c.objc; path = "NSDate+BTExtension.m"; sourceTree = "<group>"; };
		70B4EB1B230BA02E001E6693 /* NSDictionary+BTExtension.h */ = {isa = PBXFileReference; fileEncoding = 4; lastKnownFileType = sourcecode.c.h; path = "NSDictionary+BTExtension.h"; sourceTree = "<group>"; };
		70B4EB1C230BA02E001E6693 /* NSDictionary+BTExtension.m */ = {isa = PBXFileReference; fileEncoding = 4; lastKnownFileType = sourcecode.c.objc; path = "NSDictionary+BTExtension.m"; sourceTree = "<group>"; };
		70B4EB1D230BA02E001E6693 /* NSDictionary+Encrypt.h */ = {isa = PBXFileReference; fileEncoding = 4; lastKnownFileType = sourcecode.c.h; path = "NSDictionary+Encrypt.h"; sourceTree = "<group>"; };
		70B4EB1E230BA02E001E6693 /* NSDictionary+Encrypt.m */ = {isa = PBXFileReference; fileEncoding = 4; lastKnownFileType = sourcecode.c.objc; path = "NSDictionary+Encrypt.m"; sourceTree = "<group>"; };
		70B4EB1F230BA02E001E6693 /* NSDictionary+MHJsonHelper.h */ = {isa = PBXFileReference; fileEncoding = 4; lastKnownFileType = sourcecode.c.h; path = "NSDictionary+MHJsonHelper.h"; sourceTree = "<group>"; };
		70B4EB20230BA02E001E6693 /* NSDictionary+MHJsonHelper.m */ = {isa = PBXFileReference; fileEncoding = 4; lastKnownFileType = sourcecode.c.objc; path = "NSDictionary+MHJsonHelper.m"; sourceTree = "<group>"; };
		70B4EB21230BA02E001E6693 /* NSFileManager+KCAdd.h */ = {isa = PBXFileReference; fileEncoding = 4; lastKnownFileType = sourcecode.c.h; path = "NSFileManager+KCAdd.h"; sourceTree = "<group>"; };
		70B4EB22230BA02E001E6693 /* NSFileManager+KCAdd.m */ = {isa = PBXFileReference; fileEncoding = 4; lastKnownFileType = sourcecode.c.objc; path = "NSFileManager+KCAdd.m"; sourceTree = "<group>"; };
		70B4EB23230BA02E001E6693 /* NSMutableArray+BTExtension.h */ = {isa = PBXFileReference; fileEncoding = 4; lastKnownFileType = sourcecode.c.h; path = "NSMutableArray+BTExtension.h"; sourceTree = "<group>"; };
		70B4EB24230BA02E001E6693 /* NSMutableArray+BTExtension.m */ = {isa = PBXFileReference; fileEncoding = 4; lastKnownFileType = sourcecode.c.objc; path = "NSMutableArray+BTExtension.m"; sourceTree = "<group>"; };
		70B4EB25230BA02E001E6693 /* NSObject+BTExtension.h */ = {isa = PBXFileReference; fileEncoding = 4; lastKnownFileType = sourcecode.c.h; path = "NSObject+BTExtension.h"; sourceTree = "<group>"; };
		70B4EB26230BA02E001E6693 /* NSObject+BTExtension.m */ = {isa = PBXFileReference; fileEncoding = 4; lastKnownFileType = sourcecode.c.objc; path = "NSObject+BTExtension.m"; sourceTree = "<group>"; };
		70B4EB27230BA02E001E6693 /* NSString+BTExtension.h */ = {isa = PBXFileReference; fileEncoding = 4; lastKnownFileType = sourcecode.c.h; path = "NSString+BTExtension.h"; sourceTree = "<group>"; };
		70B4EB28230BA02E001E6693 /* NSString+BTExtension.m */ = {isa = PBXFileReference; fileEncoding = 4; lastKnownFileType = sourcecode.c.objc; path = "NSString+BTExtension.m"; sourceTree = "<group>"; };
		70B4EB2A230BA02E001E6693 /* UIApplication+BTExtension.h */ = {isa = PBXFileReference; fileEncoding = 4; lastKnownFileType = sourcecode.c.h; path = "UIApplication+BTExtension.h"; sourceTree = "<group>"; };
		70B4EB2B230BA02E001E6693 /* UIApplication+BTExtension.m */ = {isa = PBXFileReference; fileEncoding = 4; lastKnownFileType = sourcecode.c.objc; path = "UIApplication+BTExtension.m"; sourceTree = "<group>"; };
		70B4EB2C230BA02E001E6693 /* UIButton+BTExtension.h */ = {isa = PBXFileReference; fileEncoding = 4; lastKnownFileType = sourcecode.c.h; path = "UIButton+BTExtension.h"; sourceTree = "<group>"; };
		70B4EB2D230BA02E001E6693 /* UIButton+BTExtension.m */ = {isa = PBXFileReference; fileEncoding = 4; lastKnownFileType = sourcecode.c.objc; path = "UIButton+BTExtension.m"; sourceTree = "<group>"; };
		70B4EB2E230BA02E001E6693 /* UIColor+BTExtension.h */ = {isa = PBXFileReference; fileEncoding = 4; lastKnownFileType = sourcecode.c.h; path = "UIColor+BTExtension.h"; sourceTree = "<group>"; };
		70B4EB2F230BA02E001E6693 /* UIColor+BTExtension.m */ = {isa = PBXFileReference; fileEncoding = 4; lastKnownFileType = sourcecode.c.objc; path = "UIColor+BTExtension.m"; sourceTree = "<group>"; };
		70B4EB30230BA02E001E6693 /* UIImage+BTExtension.h */ = {isa = PBXFileReference; fileEncoding = 4; lastKnownFileType = sourcecode.c.h; path = "UIImage+BTExtension.h"; sourceTree = "<group>"; };
		70B4EB31230BA02E001E6693 /* UIImage+BTExtension.m */ = {isa = PBXFileReference; fileEncoding = 4; lastKnownFileType = sourcecode.c.objc; path = "UIImage+BTExtension.m"; sourceTree = "<group>"; };
		70B4EB32230BA02E001E6693 /* UIImageView+BTExtension.h */ = {isa = PBXFileReference; fileEncoding = 4; lastKnownFileType = sourcecode.c.h; path = "UIImageView+BTExtension.h"; sourceTree = "<group>"; };
		70B4EB33230BA02E001E6693 /* UIImageView+BTExtension.m */ = {isa = PBXFileReference; fileEncoding = 4; lastKnownFileType = sourcecode.c.objc; path = "UIImageView+BTExtension.m"; sourceTree = "<group>"; };
		70B4EB34230BA02E001E6693 /* UILabel+BTExtension.h */ = {isa = PBXFileReference; fileEncoding = 4; lastKnownFileType = sourcecode.c.h; path = "UILabel+BTExtension.h"; sourceTree = "<group>"; };
		70B4EB35230BA02E001E6693 /* UILabel+BTExtension.m */ = {isa = PBXFileReference; fileEncoding = 4; lastKnownFileType = sourcecode.c.objc; path = "UILabel+BTExtension.m"; sourceTree = "<group>"; };
		70B4EB36230BA02E001E6693 /* UIScrollView+BTExtension.h */ = {isa = PBXFileReference; fileEncoding = 4; lastKnownFileType = sourcecode.c.h; path = "UIScrollView+BTExtension.h"; sourceTree = "<group>"; };
		70B4EB37230BA02E001E6693 /* UIScrollView+BTExtension.m */ = {isa = PBXFileReference; fileEncoding = 4; lastKnownFileType = sourcecode.c.objc; path = "UIScrollView+BTExtension.m"; sourceTree = "<group>"; };
		70B4EB38230BA02E001E6693 /* UITextField+BTExtension.h */ = {isa = PBXFileReference; fileEncoding = 4; lastKnownFileType = sourcecode.c.h; path = "UITextField+BTExtension.h"; sourceTree = "<group>"; };
		70B4EB39230BA02E001E6693 /* UITextField+BTExtension.m */ = {isa = PBXFileReference; fileEncoding = 4; lastKnownFileType = sourcecode.c.objc; path = "UITextField+BTExtension.m"; sourceTree = "<group>"; };
		70B4EB3A230BA02E001E6693 /* UIView+BTExtension.h */ = {isa = PBXFileReference; fileEncoding = 4; lastKnownFileType = sourcecode.c.h; path = "UIView+BTExtension.h"; sourceTree = "<group>"; };
		70B4EB3B230BA02E001E6693 /* UIView+BTExtension.m */ = {isa = PBXFileReference; fileEncoding = 4; lastKnownFileType = sourcecode.c.objc; path = "UIView+BTExtension.m"; sourceTree = "<group>"; };
		70B4EB3C230BA02E001E6693 /* UIView+LW_BlockCreate.h */ = {isa = PBXFileReference; fileEncoding = 4; lastKnownFileType = sourcecode.c.h; path = "UIView+LW_BlockCreate.h"; sourceTree = "<group>"; };
		70B4EB3D230BA02E001E6693 /* UIView+LW_BlockCreate.m */ = {isa = PBXFileReference; fileEncoding = 4; lastKnownFileType = sourcecode.c.objc; path = "UIView+LW_BlockCreate.m"; sourceTree = "<group>"; };
		70B4EB3E230BA02E001E6693 /* UIViewController+BTExtension.h */ = {isa = PBXFileReference; fileEncoding = 4; lastKnownFileType = sourcecode.c.h; path = "UIViewController+BTExtension.h"; sourceTree = "<group>"; };
		70B4EB3F230BA02E001E6693 /* UIViewController+BTExtension.m */ = {isa = PBXFileReference; fileEncoding = 4; lastKnownFileType = sourcecode.c.objc; path = "UIViewController+BTExtension.m"; sourceTree = "<group>"; };
		70B4EB41230BA02E001E6693 /* BeautyKitMacro.h */ = {isa = PBXFileReference; fileEncoding = 4; lastKnownFileType = sourcecode.c.h; path = BeautyKitMacro.h; sourceTree = "<group>"; };
		70B4EB43230BA02E001E6693 /* BTButton.h */ = {isa = PBXFileReference; fileEncoding = 4; lastKnownFileType = sourcecode.c.h; path = BTButton.h; sourceTree = "<group>"; };
		70B4EB44230BA02E001E6693 /* BTButton.m */ = {isa = PBXFileReference; fileEncoding = 4; lastKnownFileType = sourcecode.c.objc; path = BTButton.m; sourceTree = "<group>"; };
		70F10B922230EACA00BD3551 /* BGLoginApiManager.h */ = {isa = PBXFileReference; lastKnownFileType = sourcecode.c.h; path = BGLoginApiManager.h; sourceTree = "<group>"; };
		70F10B932230EACA00BD3551 /* BGLoginApiManager.m */ = {isa = PBXFileReference; lastKnownFileType = sourcecode.c.objc; path = BGLoginApiManager.m; sourceTree = "<group>"; };
		730CCF410EE4D4682B16DEB2 /* Pods-BGNetworkDemo.release.xcconfig */ = {isa = PBXFileReference; includeInIndex = 1; lastKnownFileType = text.xcconfig; name = "Pods-BGNetworkDemo.release.xcconfig"; path = "Pods/Target Support Files/Pods-BGNetworkDemo/Pods-BGNetworkDemo.release.xcconfig"; sourceTree = "<group>"; };
		ADF448B2995742341803BDB1 /* libPods-BGNetworkDemo.a */ = {isa = PBXFileReference; explicitFileType = archive.ar; includeInIndex = 0; path = "libPods-BGNetworkDemo.a"; sourceTree = BUILT_PRODUCTS_DIR; };
		C01D616420C5915B003CAE68 /* NSUserDefaults+BGAdd.h */ = {isa = PBXFileReference; lastKnownFileType = sourcecode.c.h; path = "NSUserDefaults+BGAdd.h"; sourceTree = "<group>"; };
		C01D616520C5915B003CAE68 /* NSUserDefaults+BGAdd.m */ = {isa = PBXFileReference; lastKnownFileType = sourcecode.c.objc; path = "NSUserDefaults+BGAdd.m"; sourceTree = "<group>"; };
		C03487F1217C57FB00E08721 /* BGNetwork.h */ = {isa = PBXFileReference; fileEncoding = 4; lastKnownFileType = sourcecode.c.h; path = BGNetwork.h; sourceTree = "<group>"; };
		C03487F2217C57FB00E08721 /* BGBaseApiManager.h */ = {isa = PBXFileReference; fileEncoding = 4; lastKnownFileType = sourcecode.c.h; path = BGBaseApiManager.h; sourceTree = "<group>"; };
		C03487F3217C57FB00E08721 /* BGNetworkManager.h */ = {isa = PBXFileReference; fileEncoding = 4; lastKnownFileType = sourcecode.c.h; path = BGNetworkManager.h; sourceTree = "<group>"; };
		C03487F4217C57FB00E08721 /* BGNetworkManager.m */ = {isa = PBXFileReference; fileEncoding = 4; lastKnownFileType = sourcecode.c.objc; path = BGNetworkManager.m; sourceTree = "<group>"; };
		C03487F5217C57FB00E08721 /* BGBaseApiManager.m */ = {isa = PBXFileReference; fileEncoding = 4; lastKnownFileType = sourcecode.c.objc; path = BGBaseApiManager.m; sourceTree = "<group>"; };
		C034F49D20C4087B00B8467A /* BGNetworkDemo.app */ = {isa = PBXFileReference; explicitFileType = wrapper.application; includeInIndex = 0; path = BGNetworkDemo.app; sourceTree = BUILT_PRODUCTS_DIR; };
		C034F4A020C4087B00B8467A /* AppDelegate.h */ = {isa = PBXFileReference; lastKnownFileType = sourcecode.c.h; path = AppDelegate.h; sourceTree = "<group>"; };
		C034F4A120C4087B00B8467A /* AppDelegate.m */ = {isa = PBXFileReference; lastKnownFileType = sourcecode.c.objc; path = AppDelegate.m; sourceTree = "<group>"; };
		C034F4A320C4087B00B8467A /* ViewController.h */ = {isa = PBXFileReference; lastKnownFileType = sourcecode.c.h; path = ViewController.h; sourceTree = "<group>"; };
		C034F4A420C4087B00B8467A /* ViewController.m */ = {isa = PBXFileReference; lastKnownFileType = sourcecode.c.objc; path = ViewController.m; sourceTree = "<group>"; };
		C034F4A720C4087B00B8467A /* Base */ = {isa = PBXFileReference; lastKnownFileType = file.storyboard; name = Base; path = Base.lproj/Main.storyboard; sourceTree = "<group>"; };
		C034F4A920C4087B00B8467A /* Assets.xcassets */ = {isa = PBXFileReference; lastKnownFileType = folder.assetcatalog; path = Assets.xcassets; sourceTree = "<group>"; };
		C034F4AC20C4087B00B8467A /* Base */ = {isa = PBXFileReference; lastKnownFileType = file.storyboard; name = Base; path = Base.lproj/LaunchScreen.storyboard; sourceTree = "<group>"; };
		C034F4AE20C4087B00B8467A /* Info.plist */ = {isa = PBXFileReference; lastKnownFileType = text.plist.xml; path = Info.plist; sourceTree = "<group>"; };
		C034F4AF20C4087B00B8467A /* main.m */ = {isa = PBXFileReference; lastKnownFileType = sourcecode.c.objc; path = main.m; sourceTree = "<group>"; };
		C034F4B520C4087B00B8467A /* BGNetworkDemoTests.xctest */ = {isa = PBXFileReference; explicitFileType = wrapper.cfbundle; includeInIndex = 0; path = BGNetworkDemoTests.xctest; sourceTree = BUILT_PRODUCTS_DIR; };
		C034F4B920C4087B00B8467A /* BGNetworkDemoTests.m */ = {isa = PBXFileReference; lastKnownFileType = sourcecode.c.objc; path = BGNetworkDemoTests.m; sourceTree = "<group>"; };
		C034F4BB20C4087B00B8467A /* Info.plist */ = {isa = PBXFileReference; lastKnownFileType = text.plist.xml; path = Info.plist; sourceTree = "<group>"; };
		C034F4C020C4087C00B8467A /* BGNetworkDemoUITests.xctest */ = {isa = PBXFileReference; explicitFileType = wrapper.cfbundle; includeInIndex = 0; path = BGNetworkDemoUITests.xctest; sourceTree = BUILT_PRODUCTS_DIR; };
		C034F4C420C4087C00B8467A /* BGNetworkDemoUITests.m */ = {isa = PBXFileReference; lastKnownFileType = sourcecode.c.objc; path = BGNetworkDemoUITests.m; sourceTree = "<group>"; };
		C034F4C620C4087C00B8467A /* Info.plist */ = {isa = PBXFileReference; lastKnownFileType = text.plist.xml; path = Info.plist; sourceTree = "<group>"; };
		C034F4D620C40A9B00B8467A /* BGHeader.pch */ = {isa = PBXFileReference; lastKnownFileType = sourcecode.c.h; path = BGHeader.pch; sourceTree = "<group>"; };
		C034F4E920C42D8D00B8467A /* BGApi.h */ = {isa = PBXFileReference; lastKnownFileType = sourcecode.c.h; path = BGApi.h; sourceTree = "<group>"; };
		C034F4EA20C42D8D00B8467A /* BGApi.m */ = {isa = PBXFileReference; lastKnownFileType = sourcecode.c.objc; path = BGApi.m; sourceTree = "<group>"; };
		C034F4ED20C42E7300B8467A /* BGUserApiManger.h */ = {isa = PBXFileReference; lastKnownFileType = sourcecode.c.h; path = BGUserApiManger.h; sourceTree = "<group>"; };
		C034F4EE20C42E7300B8467A /* BGUserApiManger.m */ = {isa = PBXFileReference; lastKnownFileType = sourcecode.c.objc; path = BGUserApiManger.m; sourceTree = "<group>"; };
		EFF082E2D8BD8E8449F23DBC /* Pods-BGNetworkDemo.debug.xcconfig */ = {isa = PBXFileReference; includeInIndex = 1; lastKnownFileType = text.xcconfig; name = "Pods-BGNetworkDemo.debug.xcconfig"; path = "Pods/Target Support Files/Pods-BGNetworkDemo/Pods-BGNetworkDemo.debug.xcconfig"; sourceTree = "<group>"; };
/* End PBXFileReference section */

/* Begin PBXFrameworksBuildPhase section */
		C034F49A20C4087B00B8467A /* Frameworks */ = {
			isa = PBXFrameworksBuildPhase;
			buildActionMask = 2147483647;
			files = (
				12EBF76CD13E47ACA32AE298 /* libPods-BGNetworkDemo.a in Frameworks */,
			);
			runOnlyForDeploymentPostprocessing = 0;
		};
		C034F4B220C4087B00B8467A /* Frameworks */ = {
			isa = PBXFrameworksBuildPhase;
			buildActionMask = 2147483647;
			files = (
			);
			runOnlyForDeploymentPostprocessing = 0;
		};
		C034F4BD20C4087C00B8467A /* Frameworks */ = {
			isa = PBXFrameworksBuildPhase;
			buildActionMask = 2147483647;
			files = (
			);
			runOnlyForDeploymentPostprocessing = 0;
		};
/* End PBXFrameworksBuildPhase section */

/* Begin PBXGroup section */
		6A1B7F06EBAFDE8F44AF476B /* Frameworks */ = {
			isa = PBXGroup;
			children = (
				ADF448B2995742341803BDB1 /* libPods-BGNetworkDemo.a */,
			);
			name = Frameworks;
			sourceTree = "<group>";
		};
		70B4EB04230BA02E001E6693 /* BeautyKit */ = {
			isa = PBXGroup;
			children = (
				70B4EB05230BA02E001E6693 /* BeautyKitHeader.h */,
				70B4EB06230BA02E001E6693 /* Categories */,
				70B4EB40230BA02E001E6693 /* Macros */,
				70B4EB42230BA02E001E6693 /* SubClassings */,
			);
			path = BeautyKit;
			sourceTree = "<group>";
		};
		70B4EB06230BA02E001E6693 /* Categories */ = {
			isa = PBXGroup;
			children = (
				70B4EB07230BA02E001E6693 /* BeautyKitCategoryHeader.h */,
				70B4EB08230BA02E001E6693 /* Foundation */,
				70B4EB29230BA02E001E6693 /* UIKit */,
			);
			path = Categories;
			sourceTree = "<group>";
		};
		70B4EB08230BA02E001E6693 /* Foundation */ = {
			isa = PBXGroup;
			children = (
				70B4EB09230BA02E001E6693 /* BGVideoEditManager.h */,
				70B4EB0A230BA02E001E6693 /* BGVideoEditManager.m */,
				70B4EB0B230BA02E001E6693 /* GIFProduceManager.h */,
				70B4EB0C230BA02E001E6693 /* GIFProduceManager.m */,
				70B4EB0D230BA02E001E6693 /* KCAuthorityManager.h */,
				70B4EB0E230BA02E001E6693 /* KCAuthorityManager.m */,
				70B4EB0F230BA02E001E6693 /* KCFileHandleManager.h */,
				70B4EB10230BA02E001E6693 /* KCFileHandleManager.m */,
				70B4EB11230BA02E001E6693 /* KCSaveToAlbumManager.h */,
				70B4EB12230BA02E001E6693 /* KCSaveToAlbumManager.m */,
				70B4EB13230BA02E001E6693 /* KCTaskChain.h */,
				70B4EB14230BA02E001E6693 /* KCTaskChain.m */,
				70B4EB15230BA02E001E6693 /* NSArray+BTExtension.h */,
				70B4EB16230BA02E001E6693 /* NSArray+BTExtension.m */,
				70B4EB17230BA02E001E6693 /* NSData+BGExtension.h */,
				70B4EB18230BA02E001E6693 /* NSData+BGExtension.m */,
				70B4EB19230BA02E001E6693 /* NSDate+BTExtension.h */,
				70B4EB1A230BA02E001E6693 /* NSDate+BTExtension.m */,
				70B4EB1B230BA02E001E6693 /* NSDictionary+BTExtension.h */,
				70B4EB1C230BA02E001E6693 /* NSDictionary+BTExtension.m */,
				70B4EB1D230BA02E001E6693 /* NSDictionary+Encrypt.h */,
				70B4EB1E230BA02E001E6693 /* NSDictionary+Encrypt.m */,
				70B4EB1F230BA02E001E6693 /* NSDictionary+MHJsonHelper.h */,
				70B4EB20230BA02E001E6693 /* NSDictionary+MHJsonHelper.m */,
				70B4EB21230BA02E001E6693 /* NSFileManager+KCAdd.h */,
				70B4EB22230BA02E001E6693 /* NSFileManager+KCAdd.m */,
				70B4EB23230BA02E001E6693 /* NSMutableArray+BTExtension.h */,
				70B4EB24230BA02E001E6693 /* NSMutableArray+BTExtension.m */,
				70B4EB25230BA02E001E6693 /* NSObject+BTExtension.h */,
				70B4EB26230BA02E001E6693 /* NSObject+BTExtension.m */,
				70B4EB27230BA02E001E6693 /* NSString+BTExtension.h */,
				70B4EB28230BA02E001E6693 /* NSString+BTExtension.m */,
			);
			path = Foundation;
			sourceTree = "<group>";
		};
		70B4EB29230BA02E001E6693 /* UIKit */ = {
			isa = PBXGroup;
			children = (
				70B4EB2A230BA02E001E6693 /* UIApplication+BTExtension.h */,
				70B4EB2B230BA02E001E6693 /* UIApplication+BTExtension.m */,
				70B4EB2C230BA02E001E6693 /* UIButton+BTExtension.h */,
				70B4EB2D230BA02E001E6693 /* UIButton+BTExtension.m */,
				70B4EB2E230BA02E001E6693 /* UIColor+BTExtension.h */,
				70B4EB2F230BA02E001E6693 /* UIColor+BTExtension.m */,
				70B4EB30230BA02E001E6693 /* UIImage+BTExtension.h */,
				70B4EB31230BA02E001E6693 /* UIImage+BTExtension.m */,
				70B4EB32230BA02E001E6693 /* UIImageView+BTExtension.h */,
				70B4EB33230BA02E001E6693 /* UIImageView+BTExtension.m */,
				70B4EB34230BA02E001E6693 /* UILabel+BTExtension.h */,
				70B4EB35230BA02E001E6693 /* UILabel+BTExtension.m */,
				70B4EB36230BA02E001E6693 /* UIScrollView+BTExtension.h */,
				70B4EB37230BA02E001E6693 /* UIScrollView+BTExtension.m */,
				70B4EB38230BA02E001E6693 /* UITextField+BTExtension.h */,
				70B4EB39230BA02E001E6693 /* UITextField+BTExtension.m */,
				70B4EB3A230BA02E001E6693 /* UIView+BTExtension.h */,
				70B4EB3B230BA02E001E6693 /* UIView+BTExtension.m */,
				70B4EB3C230BA02E001E6693 /* UIView+LW_BlockCreate.h */,
				70B4EB3D230BA02E001E6693 /* UIView+LW_BlockCreate.m */,
				70B4EB3E230BA02E001E6693 /* UIViewController+BTExtension.h */,
				70B4EB3F230BA02E001E6693 /* UIViewController+BTExtension.m */,
			);
			path = UIKit;
			sourceTree = "<group>";
		};
		70B4EB40230BA02E001E6693 /* Macros */ = {
			isa = PBXGroup;
			children = (
				70B4EB41230BA02E001E6693 /* BeautyKitMacro.h */,
			);
			path = Macros;
			sourceTree = "<group>";
		};
		70B4EB42230BA02E001E6693 /* SubClassings */ = {
			isa = PBXGroup;
			children = (
				70B4EB43230BA02E001E6693 /* BTButton.h */,
				70B4EB44230BA02E001E6693 /* BTButton.m */,
			);
			path = SubClassings;
			sourceTree = "<group>";
		};
		A7CAF5878EC54BF29CDBAC07 /* Pods */ = {
			isa = PBXGroup;
			children = (
				EFF082E2D8BD8E8449F23DBC /* Pods-BGNetworkDemo.debug.xcconfig */,
				730CCF410EE4D4682B16DEB2 /* Pods-BGNetworkDemo.release.xcconfig */,
			);
			name = Pods;
			sourceTree = "<group>";
		};
		C03487F0217C57FB00E08721 /* BGNetwork */ = {
			isa = PBXGroup;
			children = (
				C03487F1217C57FB00E08721 /* BGNetwork.h */,
				C03487F2217C57FB00E08721 /* BGBaseApiManager.h */,
				C03487F3217C57FB00E08721 /* BGNetworkManager.h */,
				C03487F4217C57FB00E08721 /* BGNetworkManager.m */,
				C03487F5217C57FB00E08721 /* BGBaseApiManager.m */,
			);
			path = BGNetwork;
			sourceTree = "<group>";
		};
		C034F49420C4087B00B8467A = {
			isa = PBXGroup;
			children = (
				C03487F0217C57FB00E08721 /* BGNetwork */,
				C034F49F20C4087B00B8467A /* BGNetworkDemo */,
				C034F4B820C4087B00B8467A /* BGNetworkDemoTests */,
				C034F4C320C4087C00B8467A /* BGNetworkDemoUITests */,
				C034F49E20C4087B00B8467A /* Products */,
				A7CAF5878EC54BF29CDBAC07 /* Pods */,
				6A1B7F06EBAFDE8F44AF476B /* Frameworks */,
			);
			sourceTree = "<group>";
		};
		C034F49E20C4087B00B8467A /* Products */ = {
			isa = PBXGroup;
			children = (
				C034F49D20C4087B00B8467A /* BGNetworkDemo.app */,
				C034F4B520C4087B00B8467A /* BGNetworkDemoTests.xctest */,
				C034F4C020C4087C00B8467A /* BGNetworkDemoUITests.xctest */,
			);
			name = Products;
			sourceTree = "<group>";
		};
		C034F49F20C4087B00B8467A /* BGNetworkDemo */ = {
			isa = PBXGroup;
			children = (
				C034F4AE20C4087B00B8467A /* Info.plist */,
				C034F4A020C4087B00B8467A /* AppDelegate.h */,
				C034F4A120C4087B00B8467A /* AppDelegate.m */,
				C034F4A320C4087B00B8467A /* ViewController.h */,
				C034F4A420C4087B00B8467A /* ViewController.m */,
				C01D616420C5915B003CAE68 /* NSUserDefaults+BGAdd.h */,
				C01D616520C5915B003CAE68 /* NSUserDefaults+BGAdd.m */,
				C034F4EC20C42E5100B8467A /* Manager */,
				C034F4E420C40E0400B8467A /* Header */,
				C034F4D420C40A3A00B8467A /* Other */,
				C034F4D220C40A3200B8467A /* Vender */,
			);
			path = BGNetworkDemo;
			sourceTree = "<group>";
		};
		C034F4B820C4087B00B8467A /* BGNetworkDemoTests */ = {
			isa = PBXGroup;
			children = (
				C034F4B920C4087B00B8467A /* BGNetworkDemoTests.m */,
				C034F4BB20C4087B00B8467A /* Info.plist */,
			);
			path = BGNetworkDemoTests;
			sourceTree = "<group>";
		};
		C034F4C320C4087C00B8467A /* BGNetworkDemoUITests */ = {
			isa = PBXGroup;
			children = (
				C034F4C420C4087C00B8467A /* BGNetworkDemoUITests.m */,
				C034F4C620C4087C00B8467A /* Info.plist */,
			);
			path = BGNetworkDemoUITests;
			sourceTree = "<group>";
		};
		C034F4D220C40A3200B8467A /* Vender */ = {
			isa = PBXGroup;
			children = (
			);
			path = Vender;
			sourceTree = "<group>";
		};
		C034F4D420C40A3A00B8467A /* Other */ = {
			isa = PBXGroup;
			children = (
				70B4EB04230BA02E001E6693 /* BeautyKit */,
				C034F4D620C40A9B00B8467A /* BGHeader.pch */,
				C034F4A620C4087B00B8467A /* Main.storyboard */,
				C034F4A920C4087B00B8467A /* Assets.xcassets */,
				C034F4AB20C4087B00B8467A /* LaunchScreen.storyboard */,
				C034F4AF20C4087B00B8467A /* main.m */,
			);
			path = Other;
			sourceTree = "<group>";
		};
		C034F4E420C40E0400B8467A /* Header */ = {
			isa = PBXGroup;
			children = (
				C034F4E920C42D8D00B8467A /* BGApi.h */,
				C034F4EA20C42D8D00B8467A /* BGApi.m */,
			);
			path = Header;
			sourceTree = "<group>";
		};
		C034F4EC20C42E5100B8467A /* Manager */ = {
			isa = PBXGroup;
			children = (
				70B4EB02230B9F7E001E6693 /* AKHomeApiM.h */,
				70B4EB01230B9F7E001E6693 /* AKHomeApiM.m */,
				7041DB7A223124DF00AA3C0E /* AKLoginApiM.h */,
				7041DB7B223124DF00AA3C0E /* AKLoginApiM.m */,
				C034F4ED20C42E7300B8467A /* BGUserApiManger.h */,
				C034F4EE20C42E7300B8467A /* BGUserApiManger.m */,
				70F10B922230EACA00BD3551 /* BGLoginApiManager.h */,
				70F10B932230EACA00BD3551 /* BGLoginApiManager.m */,
			);
			path = Manager;
			sourceTree = "<group>";
		};
/* End PBXGroup section */

/* Begin PBXNativeTarget section */
		C034F49C20C4087B00B8467A /* BGNetworkDemo */ = {
			isa = PBXNativeTarget;
			buildConfigurationList = C034F4C920C4087C00B8467A /* Build configuration list for PBXNativeTarget "BGNetworkDemo" */;
			buildPhases = (
				23122B31A5244269D2625578 /* [CP] Check Pods Manifest.lock */,
				C034F49920C4087B00B8467A /* Sources */,
				C034F49A20C4087B00B8467A /* Frameworks */,
				C034F49B20C4087B00B8467A /* Resources */,
				0965CBAB60A23A8BBDDA8D0B /* [CP] Embed Pods Frameworks */,
				12EBECCE89A8C8D5CE2BFFEB /* [CP] Copy Pods Resources */,
			);
			buildRules = (
			);
			dependencies = (
			);
			name = BGNetworkDemo;
			productName = BGNetworkDemo;
			productReference = C034F49D20C4087B00B8467A /* BGNetworkDemo.app */;
			productType = "com.apple.product-type.application";
		};
		C034F4B420C4087B00B8467A /* BGNetworkDemoTests */ = {
			isa = PBXNativeTarget;
			buildConfigurationList = C034F4CC20C4087C00B8467A /* Build configuration list for PBXNativeTarget "BGNetworkDemoTests" */;
			buildPhases = (
				C034F4B120C4087B00B8467A /* Sources */,
				C034F4B220C4087B00B8467A /* Frameworks */,
				C034F4B320C4087B00B8467A /* Resources */,
			);
			buildRules = (
			);
			dependencies = (
				C034F4B720C4087B00B8467A /* PBXTargetDependency */,
			);
			name = BGNetworkDemoTests;
			productName = BGNetworkDemoTests;
			productReference = C034F4B520C4087B00B8467A /* BGNetworkDemoTests.xctest */;
			productType = "com.apple.product-type.bundle.unit-test";
		};
		C034F4BF20C4087C00B8467A /* BGNetworkDemoUITests */ = {
			isa = PBXNativeTarget;
			buildConfigurationList = C034F4CF20C4087C00B8467A /* Build configuration list for PBXNativeTarget "BGNetworkDemoUITests" */;
			buildPhases = (
				C034F4BC20C4087C00B8467A /* Sources */,
				C034F4BD20C4087C00B8467A /* Frameworks */,
				C034F4BE20C4087C00B8467A /* Resources */,
			);
			buildRules = (
			);
			dependencies = (
				C034F4C220C4087C00B8467A /* PBXTargetDependency */,
			);
			name = BGNetworkDemoUITests;
			productName = BGNetworkDemoUITests;
			productReference = C034F4C020C4087C00B8467A /* BGNetworkDemoUITests.xctest */;
			productType = "com.apple.product-type.bundle.ui-testing";
		};
/* End PBXNativeTarget section */

/* Begin PBXProject section */
		C034F49520C4087B00B8467A /* Project object */ = {
			isa = PBXProject;
			attributes = {
				CLASSPREFIX = BG;
				LastUpgradeCheck = 0920;
				ORGANIZATIONNAME = Little.Daddly;
				TargetAttributes = {
					C034F49C20C4087B00B8467A = {
						CreatedOnToolsVersion = 9.2;
						ProvisioningStyle = Automatic;
					};
					C034F4B420C4087B00B8467A = {
						CreatedOnToolsVersion = 9.2;
						ProvisioningStyle = Automatic;
						TestTargetID = C034F49C20C4087B00B8467A;
					};
					C034F4BF20C4087C00B8467A = {
						CreatedOnToolsVersion = 9.2;
						ProvisioningStyle = Automatic;
						TestTargetID = C034F49C20C4087B00B8467A;
					};
				};
			};
			buildConfigurationList = C034F49820C4087B00B8467A /* Build configuration list for PBXProject "BGNetworkDemo" */;
			compatibilityVersion = "Xcode 8.0";
			developmentRegion = en;
			hasScannedForEncodings = 0;
			knownRegions = (
				en,
				Base,
			);
			mainGroup = C034F49420C4087B00B8467A;
			productRefGroup = C034F49E20C4087B00B8467A /* Products */;
			projectDirPath = "";
			projectRoot = "";
			targets = (
				C034F49C20C4087B00B8467A /* BGNetworkDemo */,
				C034F4B420C4087B00B8467A /* BGNetworkDemoTests */,
				C034F4BF20C4087C00B8467A /* BGNetworkDemoUITests */,
			);
		};
/* End PBXProject section */

/* Begin PBXResourcesBuildPhase section */
		C034F49B20C4087B00B8467A /* Resources */ = {
			isa = PBXResourcesBuildPhase;
			buildActionMask = 2147483647;
			files = (
				C034F4AD20C4087B00B8467A /* LaunchScreen.storyboard in Resources */,
				C034F4AA20C4087B00B8467A /* Assets.xcassets in Resources */,
				C034F4A820C4087B00B8467A /* Main.storyboard in Resources */,
			);
			runOnlyForDeploymentPostprocessing = 0;
		};
		C034F4B320C4087B00B8467A /* Resources */ = {
			isa = PBXResourcesBuildPhase;
			buildActionMask = 2147483647;
			files = (
			);
			runOnlyForDeploymentPostprocessing = 0;
		};
		C034F4BE20C4087C00B8467A /* Resources */ = {
			isa = PBXResourcesBuildPhase;
			buildActionMask = 2147483647;
			files = (
			);
			runOnlyForDeploymentPostprocessing = 0;
		};
/* End PBXResourcesBuildPhase section */

/* Begin PBXShellScriptBuildPhase section */
		0965CBAB60A23A8BBDDA8D0B /* [CP] Embed Pods Frameworks */ = {
			isa = PBXShellScriptBuildPhase;
			buildActionMask = 2147483647;
			files = (
			);
			inputPaths = (
			);
			name = "[CP] Embed Pods Frameworks";
			outputPaths = (
			);
			runOnlyForDeploymentPostprocessing = 0;
			shellPath = /bin/sh;
			shellScript = "\"${SRCROOT}/Pods/Target Support Files/Pods-BGNetworkDemo/Pods-BGNetworkDemo-frameworks.sh\"\n";
			showEnvVarsInLog = 0;
		};
		12EBECCE89A8C8D5CE2BFFEB /* [CP] Copy Pods Resources */ = {
			isa = PBXShellScriptBuildPhase;
			buildActionMask = 2147483647;
			files = (
			);
			inputPaths = (
			);
			name = "[CP] Copy Pods Resources";
			outputPaths = (
			);
			runOnlyForDeploymentPostprocessing = 0;
			shellPath = /bin/sh;
			shellScript = "\"${SRCROOT}/Pods/Target Support Files/Pods-BGNetworkDemo/Pods-BGNetworkDemo-resources.sh\"\n";
			showEnvVarsInLog = 0;
		};
		23122B31A5244269D2625578 /* [CP] Check Pods Manifest.lock */ = {
			isa = PBXShellScriptBuildPhase;
			buildActionMask = 2147483647;
			files = (
			);
			inputPaths = (
				"${PODS_PODFILE_DIR_PATH}/Podfile.lock",
				"${PODS_ROOT}/Manifest.lock",
			);
			name = "[CP] Check Pods Manifest.lock";
			outputPaths = (
				"$(DERIVED_FILE_DIR)/Pods-BGNetworkDemo-checkManifestLockResult.txt",
			);
			runOnlyForDeploymentPostprocessing = 0;
			shellPath = /bin/sh;
			shellScript = "diff \"${PODS_PODFILE_DIR_PATH}/Podfile.lock\" \"${PODS_ROOT}/Manifest.lock\" > /dev/null\nif [ $? != 0 ] ; then\n    # print error to STDERR\n    echo \"error: The sandbox is not in sync with the Podfile.lock. Run 'pod install' or update your CocoaPods installation.\" >&2\n    exit 1\nfi\n# This output is used by Xcode 'outputs' to avoid re-running this script phase.\necho \"SUCCESS\" > \"${SCRIPT_OUTPUT_FILE_0}\"\n";
			showEnvVarsInLog = 0;
		};
/* End PBXShellScriptBuildPhase section */

/* Begin PBXSourcesBuildPhase section */
		C034F49920C4087B00B8467A /* Sources */ = {
			isa = PBXSourcesBuildPhase;
			buildActionMask = 2147483647;
			files = (
				70B4EB5E230BA02E001E6693 /* UIView+LW_BlockCreate.m in Sources */,
				70B4EB46230BA02E001E6693 /* GIFProduceManager.m in Sources */,
				70B4EB47230BA02E001E6693 /* KCAuthorityManager.m in Sources */,
				70B4EB55230BA02E001E6693 /* UIApplication+BTExtension.m in Sources */,
				C034F4A520C4087B00B8467A /* ViewController.m in Sources */,
				70B4EB03230B9F7E001E6693 /* AKHomeApiM.m in Sources */,
				70B4EB4B230BA02E001E6693 /* NSArray+BTExtension.m in Sources */,
				70B4EB52230BA02E001E6693 /* NSMutableArray+BTExtension.m in Sources */,
				C03487F6217C57FB00E08721 /* BGNetworkManager.m in Sources */,
				70B4EB50230BA02E001E6693 /* NSDictionary+MHJsonHelper.m in Sources */,
				C034F4EB20C42D8D00B8467A /* BGApi.m in Sources */,
				70B4EB48230BA02E001E6693 /* KCFileHandleManager.m in Sources */,
				C034F4EF20C42E7300B8467A /* BGUserApiManger.m in Sources */,
				70B4EB54230BA02E001E6693 /* NSString+BTExtension.m in Sources */,
				70B4EB5F230BA02E001E6693 /* UIViewController+BTExtension.m in Sources */,
				70B4EB5B230BA02E001E6693 /* UIScrollView+BTExtension.m in Sources */,
				70F10B942230EACA00BD3551 /* BGLoginApiManager.m in Sources */,
				70B4EB59230BA02E001E6693 /* UIImageView+BTExtension.m in Sources */,
				70B4EB5A230BA02E001E6693 /* UILabel+BTExtension.m in Sources */,
				C034F4B020C4087B00B8467A /* main.m in Sources */,
				7041DB7C223124DF00AA3C0E /* AKLoginApiM.m in Sources */,
				70B4EB4E230BA02E001E6693 /* NSDictionary+BTExtension.m in Sources */,
				70B4EB51230BA02E001E6693 /* NSFileManager+KCAdd.m in Sources */,
				70B4EB4A230BA02E001E6693 /* KCTaskChain.m in Sources */,
				70B4EB53230BA02E001E6693 /* NSObject+BTExtension.m in Sources */,
				70B4EB60230BA02E001E6693 /* BTButton.m in Sources */,
				70B4EB56230BA02E001E6693 /* UIButton+BTExtension.m in Sources */,
				70B4EB45230BA02E001E6693 /* BGVideoEditManager.m in Sources */,
				C01D616620C5915B003CAE68 /* NSUserDefaults+BGAdd.m in Sources */,
				70B4EB5D230BA02E001E6693 /* UIView+BTExtension.m in Sources */,
				70B4EB4F230BA02E001E6693 /* NSDictionary+Encrypt.m in Sources */,
				70B4EB49230BA02E001E6693 /* KCSaveToAlbumManager.m in Sources */,
				70B4EB5C230BA02E001E6693 /* UITextField+BTExtension.m in Sources */,
				70B4EB4D230BA02E001E6693 /* NSDate+BTExtension.m in Sources */,
				C03487F7217C57FB00E08721 /* BGBaseApiManager.m in Sources */,
				70B4EB57230BA02E001E6693 /* UIColor+BTExtension.m in Sources */,
				70B4EB4C230BA02E001E6693 /* NSData+BGExtension.m in Sources */,
				70B4EB58230BA02E001E6693 /* UIImage+BTExtension.m in Sources */,
				C034F4A220C4087B00B8467A /* AppDelegate.m in Sources */,
			);
			runOnlyForDeploymentPostprocessing = 0;
		};
		C034F4B120C4087B00B8467A /* Sources */ = {
			isa = PBXSourcesBuildPhase;
			buildActionMask = 2147483647;
			files = (
				C034F4BA20C4087B00B8467A /* BGNetworkDemoTests.m in Sources */,
			);
			runOnlyForDeploymentPostprocessing = 0;
		};
		C034F4BC20C4087C00B8467A /* Sources */ = {
			isa = PBXSourcesBuildPhase;
			buildActionMask = 2147483647;
			files = (
				C034F4C520C4087C00B8467A /* BGNetworkDemoUITests.m in Sources */,
			);
			runOnlyForDeploymentPostprocessing = 0;
		};
/* End PBXSourcesBuildPhase section */

/* Begin PBXTargetDependency section */
		C034F4B720C4087B00B8467A /* PBXTargetDependency */ = {
			isa = PBXTargetDependency;
			target = C034F49C20C4087B00B8467A /* BGNetworkDemo */;
			targetProxy = C034F4B620C4087B00B8467A /* PBXContainerItemProxy */;
		};
		C034F4C220C4087C00B8467A /* PBXTargetDependency */ = {
			isa = PBXTargetDependency;
			target = C034F49C20C4087B00B8467A /* BGNetworkDemo */;
			targetProxy = C034F4C120C4087C00B8467A /* PBXContainerItemProxy */;
		};
/* End PBXTargetDependency section */

/* Begin PBXVariantGroup section */
		C034F4A620C4087B00B8467A /* Main.storyboard */ = {
			isa = PBXVariantGroup;
			children = (
				C034F4A720C4087B00B8467A /* Base */,
			);
			name = Main.storyboard;
			sourceTree = "<group>";
		};
		C034F4AB20C4087B00B8467A /* LaunchScreen.storyboard */ = {
			isa = PBXVariantGroup;
			children = (
				C034F4AC20C4087B00B8467A /* Base */,
			);
			name = LaunchScreen.storyboard;
			sourceTree = "<group>";
		};
/* End PBXVariantGroup section */

/* Begin XCBuildConfiguration section */
		C034F4C720C4087C00B8467A /* Debug */ = {
			isa = XCBuildConfiguration;
			buildSettings = {
				ALWAYS_SEARCH_USER_PATHS = NO;
				CLANG_ANALYZER_NONNULL = YES;
				CLANG_ANALYZER_NUMBER_OBJECT_CONVERSION = YES_AGGRESSIVE;
				CLANG_CXX_LANGUAGE_STANDARD = "gnu++14";
				CLANG_CXX_LIBRARY = "libc++";
				CLANG_ENABLE_MODULES = YES;
				CLANG_ENABLE_OBJC_ARC = YES;
				CLANG_WARN_BLOCK_CAPTURE_AUTORELEASING = YES;
				CLANG_WARN_BOOL_CONVERSION = YES;
				CLANG_WARN_COMMA = YES;
				CLANG_WARN_CONSTANT_CONVERSION = YES;
				CLANG_WARN_DIRECT_OBJC_ISA_USAGE = YES_ERROR;
				CLANG_WARN_DOCUMENTATION_COMMENTS = YES;
				CLANG_WARN_EMPTY_BODY = YES;
				CLANG_WARN_ENUM_CONVERSION = YES;
				CLANG_WARN_INFINITE_RECURSION = YES;
				CLANG_WARN_INT_CONVERSION = YES;
				CLANG_WARN_NON_LITERAL_NULL_CONVERSION = YES;
				CLANG_WARN_OBJC_LITERAL_CONVERSION = YES;
				CLANG_WARN_OBJC_ROOT_CLASS = YES_ERROR;
				CLANG_WARN_RANGE_LOOP_ANALYSIS = YES;
				CLANG_WARN_STRICT_PROTOTYPES = YES;
				CLANG_WARN_SUSPICIOUS_MOVE = YES;
				CLANG_WARN_UNGUARDED_AVAILABILITY = YES_AGGRESSIVE;
				CLANG_WARN_UNREACHABLE_CODE = YES;
				CLANG_WARN__DUPLICATE_METHOD_MATCH = YES;
				CODE_SIGN_IDENTITY = "iPhone Developer";
				COPY_PHASE_STRIP = NO;
				DEBUG_INFORMATION_FORMAT = dwarf;
				ENABLE_STRICT_OBJC_MSGSEND = YES;
				ENABLE_TESTABILITY = YES;
				GCC_C_LANGUAGE_STANDARD = gnu11;
				GCC_DYNAMIC_NO_PIC = NO;
				GCC_NO_COMMON_BLOCKS = YES;
				GCC_OPTIMIZATION_LEVEL = 0;
				GCC_PRECOMPILE_PREFIX_HEADER = YES;
				GCC_PREFIX_HEADER = BGNetworkDemo/Other/BGHeader.pch;
				GCC_PREPROCESSOR_DEFINITIONS = (
					"DEBUG=1",
					"$(inherited)",
				);
				GCC_WARN_64_TO_32_BIT_CONVERSION = YES;
				GCC_WARN_ABOUT_RETURN_TYPE = YES_ERROR;
				GCC_WARN_UNDECLARED_SELECTOR = YES;
				GCC_WARN_UNINITIALIZED_AUTOS = YES_AGGRESSIVE;
				GCC_WARN_UNUSED_FUNCTION = YES;
				GCC_WARN_UNUSED_VARIABLE = YES;
				IPHONEOS_DEPLOYMENT_TARGET = 11.2;
				MTL_ENABLE_DEBUG_INFO = YES;
				ONLY_ACTIVE_ARCH = YES;
				SDKROOT = iphoneos;
			};
			name = Debug;
		};
		C034F4C820C4087C00B8467A /* Release */ = {
			isa = XCBuildConfiguration;
			buildSettings = {
				ALWAYS_SEARCH_USER_PATHS = NO;
				CLANG_ANALYZER_NONNULL = YES;
				CLANG_ANALYZER_NUMBER_OBJECT_CONVERSION = YES_AGGRESSIVE;
				CLANG_CXX_LANGUAGE_STANDARD = "gnu++14";
				CLANG_CXX_LIBRARY = "libc++";
				CLANG_ENABLE_MODULES = YES;
				CLANG_ENABLE_OBJC_ARC = YES;
				CLANG_WARN_BLOCK_CAPTURE_AUTORELEASING = YES;
				CLANG_WARN_BOOL_CONVERSION = YES;
				CLANG_WARN_COMMA = YES;
				CLANG_WARN_CONSTANT_CONVERSION = YES;
				CLANG_WARN_DIRECT_OBJC_ISA_USAGE = YES_ERROR;
				CLANG_WARN_DOCUMENTATION_COMMENTS = YES;
				CLANG_WARN_EMPTY_BODY = YES;
				CLANG_WARN_ENUM_CONVERSION = YES;
				CLANG_WARN_INFINITE_RECURSION = YES;
				CLANG_WARN_INT_CONVERSION = YES;
				CLANG_WARN_NON_LITERAL_NULL_CONVERSION = YES;
				CLANG_WARN_OBJC_LITERAL_CONVERSION = YES;
				CLANG_WARN_OBJC_ROOT_CLASS = YES_ERROR;
				CLANG_WARN_RANGE_LOOP_ANALYSIS = YES;
				CLANG_WARN_STRICT_PROTOTYPES = YES;
				CLANG_WARN_SUSPICIOUS_MOVE = YES;
				CLANG_WARN_UNGUARDED_AVAILABILITY = YES_AGGRESSIVE;
				CLANG_WARN_UNREACHABLE_CODE = YES;
				CLANG_WARN__DUPLICATE_METHOD_MATCH = YES;
				CODE_SIGN_IDENTITY = "iPhone Developer";
				COPY_PHASE_STRIP = NO;
				DEBUG_INFORMATION_FORMAT = "dwarf-with-dsym";
				ENABLE_NS_ASSERTIONS = NO;
				ENABLE_STRICT_OBJC_MSGSEND = YES;
				GCC_C_LANGUAGE_STANDARD = gnu11;
				GCC_NO_COMMON_BLOCKS = YES;
				GCC_PRECOMPILE_PREFIX_HEADER = YES;
				GCC_PREFIX_HEADER = BGNetworkDemo/Other/BGHeader.pch;
				GCC_WARN_64_TO_32_BIT_CONVERSION = YES;
				GCC_WARN_ABOUT_RETURN_TYPE = YES_ERROR;
				GCC_WARN_UNDECLARED_SELECTOR = YES;
				GCC_WARN_UNINITIALIZED_AUTOS = YES_AGGRESSIVE;
				GCC_WARN_UNUSED_FUNCTION = YES;
				GCC_WARN_UNUSED_VARIABLE = YES;
				IPHONEOS_DEPLOYMENT_TARGET = 11.2;
				MTL_ENABLE_DEBUG_INFO = NO;
				SDKROOT = iphoneos;
				VALIDATE_PRODUCT = YES;
			};
			name = Release;
		};
		C034F4CA20C4087C00B8467A /* Debug */ = {
			isa = XCBuildConfiguration;
			baseConfigurationReference = EFF082E2D8BD8E8449F23DBC /* Pods-BGNetworkDemo.debug.xcconfig */;
			buildSettings = {
				ASSETCATALOG_COMPILER_APPICON_NAME = AppIcon;
				CODE_SIGN_STYLE = Automatic;
				DEVELOPMENT_TEAM = K6ZT68N34R;
				HEADER_SEARCH_PATHS = (
					"$(inherited)",
					"\"${PODS_ROOT}/Headers/Public\"",
					"\"${PODS_ROOT}/Headers/Public/AFNetworking\"",
					"${PODS_ROOT}/Headers/Public/AFNetworking/Serialization\"",
				);
				INFOPLIST_FILE = BGNetworkDemo/Info.plist;
				LD_RUNPATH_SEARCH_PATHS = "$(inherited) @executable_path/Frameworks";
				PRODUCT_BUNDLE_IDENTIFIER = fun.blackgold.BGNetworkDemo;
				PRODUCT_NAME = "$(TARGET_NAME)";
				TARGETED_DEVICE_FAMILY = "1,2";
			};
			name = Debug;
		};
		C034F4CB20C4087C00B8467A /* Release */ = {
			isa = XCBuildConfiguration;
			baseConfigurationReference = 730CCF410EE4D4682B16DEB2 /* Pods-BGNetworkDemo.release.xcconfig */;
			buildSettings = {
				ASSETCATALOG_COMPILER_APPICON_NAME = AppIcon;
				CODE_SIGN_STYLE = Automatic;
				DEVELOPMENT_TEAM = K6ZT68N34R;
				HEADER_SEARCH_PATHS = (
					"$(inherited)",
					"\"${PODS_ROOT}/Headers/Public\"",
					"\"${PODS_ROOT}/Headers/Public/AFNetworking\"",
					"${PODS_ROOT}/Headers/Public/AFNetworking/Serialization\"",
				);
				INFOPLIST_FILE = BGNetworkDemo/Info.plist;
				LD_RUNPATH_SEARCH_PATHS = "$(inherited) @executable_path/Frameworks";
				PRODUCT_BUNDLE_IDENTIFIER = fun.blackgold.BGNetworkDemo;
				PRODUCT_NAME = "$(TARGET_NAME)";
				TARGETED_DEVICE_FAMILY = "1,2";
			};
			name = Release;
		};
		C034F4CD20C4087C00B8467A /* Debug */ = {
			isa = XCBuildConfiguration;
			buildSettings = {
				BUNDLE_LOADER = "$(TEST_HOST)";
				CODE_SIGN_STYLE = Automatic;
				INFOPLIST_FILE = BGNetworkDemoTests/Info.plist;
				LD_RUNPATH_SEARCH_PATHS = "$(inherited) @executable_path/Frameworks @loader_path/Frameworks";
				PRODUCT_BUNDLE_IDENTIFIER = fun.blackgold.BGNetworkDemoTests;
				PRODUCT_NAME = "$(TARGET_NAME)";
				TARGETED_DEVICE_FAMILY = "1,2";
				TEST_HOST = "$(BUILT_PRODUCTS_DIR)/BGNetworkDemo.app/BGNetworkDemo";
			};
			name = Debug;
		};
		C034F4CE20C4087C00B8467A /* Release */ = {
			isa = XCBuildConfiguration;
			buildSettings = {
				BUNDLE_LOADER = "$(TEST_HOST)";
				CODE_SIGN_STYLE = Automatic;
				INFOPLIST_FILE = BGNetworkDemoTests/Info.plist;
				LD_RUNPATH_SEARCH_PATHS = "$(inherited) @executable_path/Frameworks @loader_path/Frameworks";
				PRODUCT_BUNDLE_IDENTIFIER = fun.blackgold.BGNetworkDemoTests;
				PRODUCT_NAME = "$(TARGET_NAME)";
				TARGETED_DEVICE_FAMILY = "1,2";
				TEST_HOST = "$(BUILT_PRODUCTS_DIR)/BGNetworkDemo.app/BGNetworkDemo";
			};
			name = Release;
		};
		C034F4D020C4087C00B8467A /* Debug */ = {
			isa = XCBuildConfiguration;
			buildSettings = {
				CODE_SIGN_STYLE = Automatic;
				INFOPLIST_FILE = BGNetworkDemoUITests/Info.plist;
				LD_RUNPATH_SEARCH_PATHS = "$(inherited) @executable_path/Frameworks @loader_path/Frameworks";
				PRODUCT_BUNDLE_IDENTIFIER = fun.blackgold.BGNetworkDemoUITests;
				PRODUCT_NAME = "$(TARGET_NAME)";
				TARGETED_DEVICE_FAMILY = "1,2";
				TEST_TARGET_NAME = BGNetworkDemo;
			};
			name = Debug;
		};
		C034F4D120C4087C00B8467A /* Release */ = {
			isa = XCBuildConfiguration;
			buildSettings = {
				CODE_SIGN_STYLE = Automatic;
				INFOPLIST_FILE = BGNetworkDemoUITests/Info.plist;
				LD_RUNPATH_SEARCH_PATHS = "$(inherited) @executable_path/Frameworks @loader_path/Frameworks";
				PRODUCT_BUNDLE_IDENTIFIER = fun.blackgold.BGNetworkDemoUITests;
				PRODUCT_NAME = "$(TARGET_NAME)";
				TARGETED_DEVICE_FAMILY = "1,2";
				TEST_TARGET_NAME = BGNetworkDemo;
			};
			name = Release;
		};
/* End XCBuildConfiguration section */

/* Begin XCConfigurationList section */
		C034F49820C4087B00B8467A /* Build configuration list for PBXProject "BGNetworkDemo" */ = {
			isa = XCConfigurationList;
			buildConfigurations = (
				C034F4C720C4087C00B8467A /* Debug */,
				C034F4C820C4087C00B8467A /* Release */,
			);
			defaultConfigurationIsVisible = 0;
			defaultConfigurationName = Release;
		};
		C034F4C920C4087C00B8467A /* Build configuration list for PBXNativeTarget "BGNetworkDemo" */ = {
			isa = XCConfigurationList;
			buildConfigurations = (
				C034F4CA20C4087C00B8467A /* Debug */,
				C034F4CB20C4087C00B8467A /* Release */,
			);
			defaultConfigurationIsVisible = 0;
			defaultConfigurationName = Release;
		};
		C034F4CC20C4087C00B8467A /* Build configuration list for PBXNativeTarget "BGNetworkDemoTests" */ = {
			isa = XCConfigurationList;
			buildConfigurations = (
				C034F4CD20C4087C00B8467A /* Debug */,
				C034F4CE20C4087C00B8467A /* Release */,
			);
			defaultConfigurationIsVisible = 0;
			defaultConfigurationName = Release;
		};
		C034F4CF20C4087C00B8467A /* Build configuration list for PBXNativeTarget "BGNetworkDemoUITests" */ = {
			isa = XCConfigurationList;
			buildConfigurations = (
				C034F4D020C4087C00B8467A /* Debug */,
				C034F4D120C4087C00B8467A /* Release */,
			);
			defaultConfigurationIsVisible = 0;
			defaultConfigurationName = Release;
		};
/* End XCConfigurationList section */
	};
	rootObject = C034F49520C4087B00B8467A /* Project object */;
}
